
Microsoft Visual Studio Solution File, Format Version 12.00
# Visual Studio Version 16
VisualStudioVersion = 16.0.31424.327
MinimumVisualStudioVersion = 10.0.40219.1
Project("{FAE04EC0-301F-11D3-BF4B-00C04F79EFBC}") = "AK_Library", "AK_DLL\AK_Library.csproj", "{25A323A4-A832-487C-9AB2-32E14C56E148}"
EndProject
Project("{FAE04EC0-301F-11D3-BF4B-00C04F79EFBC}") = "FS_LivelyRim", "LivelyRim\FS_LivelyRim.csproj", "{CA2D2594-7051-4FC9-B1E1-EF077F439FCF}"
EndProject
Global
	GlobalSection(SolutionConfigurationPlatforms) = preSolution
		Debug|Any CPU = Debug|Any CPU
		Debug|ARM = Debug|ARM
		Debug|ARM64 = Debug|ARM64
		Debug|x64 = Debug|x64
		Debug|x86 = Debug|x86
		Release|Any CPU = Release|Any CPU
		Release|ARM = Release|ARM
		Release|ARM64 = Release|ARM64
		Release|x64 = Release|x64
		Release|x86 = Release|x86
	EndGlobalSection
	GlobalSection(ProjectConfigurationPlatforms) = postSolution
		{25A323A4-A832-487C-9AB2-32E14C56E148}.Debug|Any CPU.ActiveCfg = Debug|Any CPU
		{25A323A4-A832-487C-9AB2-32E14C56E148}.Debug|Any CPU.Build.0 = Debug|Any CPU
		{25A323A4-A832-487C-9AB2-32E14C56E148}.Debug|ARM.ActiveCfg = Debug|Any CPU
		{25A323A4-A832-487C-9AB2-32E14C56E148}.Debug|ARM.Build.0 = Debug|Any CPU
		{25A323A4-A832-487C-9AB2-32E14C56E148}.Debug|ARM64.ActiveCfg = Debug|Any CPU
		{25A323A4-A832-487C-9AB2-32E14C56E148}.Debug|ARM64.Build.0 = Debug|Any CPU
		{25A323A4-A832-487C-9AB2-32E14C56E148}.Debug|x64.ActiveCfg = Debug|Any CPU
		{25A323A4-A832-487C-9AB2-32E14C56E148}.Debug|x64.Build.0 = Debug|Any CPU
		{25A323A4-A832-487C-9AB2-32E14C56E148}.Debug|x86.ActiveCfg = Debug|Any CPU
		{25A323A4-A832-487C-9AB2-32E14C56E148}.Debug|x86.Build.0 = Debug|Any CPU
		{25A323A4-A832-487C-9AB2-32E14C56E148}.Release|Any CPU.ActiveCfg = Release|Any CPU
		{25A323A4-A832-487C-9AB2-32E14C56E148}.Release|Any CPU.Build.0 = Release|Any CPU
		{25A323A4-A832-487C-9AB2-32E14C56E148}.Release|ARM.ActiveCfg = Release|Any CPU
		{25A323A4-A832-487C-9AB2-32E14C56E148}.Release|ARM.Build.0 = Release|Any CPU
		{25A323A4-A832-487C-9AB2-32E14C56E148}.Release|ARM64.ActiveCfg = Release|Any CPU
		{25A323A4-A832-487C-9AB2-32E14C56E148}.Release|ARM64.Build.0 = Release|Any CPU
		{25A323A4-A832-487C-9AB2-32E14C56E148}.Release|x64.ActiveCfg = Release|Any CPU
		{25A323A4-A832-487C-9AB2-32E14C56E148}.Release|x64.Build.0 = Release|Any CPU
		{25A323A4-A832-487C-9AB2-32E14C56E148}.Release|x86.ActiveCfg = Release|Any CPU
		{25A323A4-A832-487C-9AB2-32E14C56E148}.Release|x86.Build.0 = Release|Any CPU
		{CA2D2594-7051-4FC9-B1E1-EF077F439FCF}.Debug|Any CPU.ActiveCfg = Debug|Any CPU
		{CA2D2594-7051-4FC9-B1E1-EF077F439FCF}.Debug|Any CPU.Build.0 = Debug|Any CPU
		{CA2D2594-7051-4FC9-B1E1-EF077F439FCF}.Debug|ARM.ActiveCfg = Debug|Any CPU
		{CA2D2594-7051-4FC9-B1E1-EF077F439FCF}.Debug|ARM.Build.0 = Debug|Any CPU
		{CA2D2594-7051-4FC9-B1E1-EF077F439FCF}.Debug|ARM64.ActiveCfg = Debug|Any CPU
		{CA2D2594-7051-4FC9-B1E1-EF077F439FCF}.Debug|ARM64.Build.0 = Debug|Any CPU
		{CA2D2594-7051-4FC9-B1E1-EF077F439FCF}.Debug|x64.ActiveCfg = Debug|Any CPU
		{CA2D2594-7051-4FC9-B1E1-EF077F439FCF}.Debug|x64.Build.0 = Debug|Any CPU
		{CA2D2594-7051-4FC9-B1E1-EF077F439FCF}.Debug|x86.ActiveCfg = Debug|Any CPU
		{CA2D2594-7051-4FC9-B1E1-EF077F439FCF}.Debug|x86.Build.0 = Debug|Any CPU
		{CA2D2594-7051-4FC9-B1E1-EF077F439FCF}.Release|Any CPU.ActiveCfg = Release|Any CPU
		{CA2D2594-7051-4FC9-B1E1-EF077F439FCF}.Release|Any CPU.Build.0 = Release|Any CPU
		{CA2D2594-7051-4FC9-B1E1-EF077F439FCF}.Release|ARM.ActiveCfg = Release|Any CPU
		{CA2D2594-7051-4FC9-B1E1-EF077F439FCF}.Release|ARM.Build.0 = Release|Any CPU
		{CA2D2594-7051-4FC9-B1E1-EF077F439FCF}.Release|ARM64.ActiveCfg = Release|Any CPU
		{CA2D2594-7051-4FC9-B1E1-EF077F439FCF}.Release|ARM64.Build.0 = Release|Any CPU
		{CA2D2594-7051-4FC9-B1E1-EF077F439FCF}.Release|x64.ActiveCfg = Release|Any CPU
		{CA2D2594-7051-4FC9-B1E1-EF077F439FCF}.Release|x64.Build.0 = Release|Any CPU
		{CA2D2594-7051-4FC9-B1E1-EF077F439FCF}.Release|x86.ActiveCfg = Release|Any CPU
		{CA2D2594-7051-4FC9-B1E1-EF077F439FCF}.Release|x86.Build.0 = Release|Any CPU
	EndGlobalSection
	GlobalSection(SolutionProperties) = preSolution
		HideSolutionNode = FALSE
	EndGlobalSection
	GlobalSection(ExtensibilityGlobals) = postSolution
		SolutionGuid = {90BE64ED-1514-40B0-A4CB-BA2C07AB3406}
	EndGlobalSection
EndGlobal
