
Microsoft Visual Studio Solution File, Format Version 12.00
# Visual Studio Version 16
VisualStudioVersion = 16.0.31424.327
MinimumVisualStudioVersion = 10.0.40219.1
Project("{FAE04EC0-301F-11D3-BF4B-00C04F79EFBC}") = "AK_Library", "AK_DLL\AK_Library.csproj", "{25A323A4-A832-487C-9AB2-32E14C56E148}"
	ProjectSection(ProjectDependencies) = postProject
		{92CFB99E-4D93-47F2-A4AD-DD0668EFE739} = {92CFB99E-4D93-47F2-A4AD-DD0668EFE739}
		{AB2962FE-8A85-43C1-9328-AB9F43BB9160} = {AB2962FE-8A85-43C1-9328-AB9F43BB9160}
	EndProjectSection
EndProject
Project("{FAE04EC0-301F-11D3-BF4B-00C04F79EFBC}") = "FS_LivelyRim", "LivelyRim\FS_LivelyRim.csproj", "{CA2D2594-7051-4FC9-B1E1-EF077F439FCF}"
EndProject
Project("{FAE04EC0-301F-11D3-BF4B-00C04F79EFBC}") = "AK_Compliment", "AK_Compliment\AK_Compliment.csproj", "{5B677CF7-1A8B-478C-99ED-AB7518DB0EAA}"
EndProject
Project("{FAE04EC0-301F-11D3-BF4B-00C04F79EFBC}") = "AKE_VanyaShield", "AKE_VanyaShield\AKE_VanyaShield.csproj", "{3CE0B967-28FB-447C-B9ED-A62629528C04}"
	ProjectSection(ProjectDependencies) = postProject
		{CA2D2594-7051-4FC9-B1E1-EF077F439FCF} = {CA2D2594-7051-4FC9-B1E1-EF077F439FCF}
		{92CFB99E-4D93-47F2-A4AD-DD0668EFE739} = {92CFB99E-4D93-47F2-A4AD-DD0668EFE739}
		{25A323A4-A832-487C-9AB2-32E14C56E148} = {25A323A4-A832-487C-9AB2-32E14C56E148}
	EndProjectSection
EndProject
Project("{FAE04EC0-301F-11D3-BF4B-00C04F79EFBC}") = "AKA_Ability", "AKA_Ability\AKA_Ability.csproj", "{92CFB99E-4D93-47F2-A4AD-DD0668EFE739}"
EndProject
Project("{FAE04EC0-301F-11D3-BF4B-00C04F79EFBC}") = "AKM_MusicPlayer", "AKM_MusicPlayer\AKM_MusicPlayer.csproj", "{AB2962FE-8A85-43C1-9328-AB9F43BB9160}"
EndProject
Global
	GlobalSection(SolutionConfigurationPlatforms) = preSolution
		Debug|Any CPU = Debug|Any CPU
		Debug|ARM = Debug|ARM
		Debug|ARM64 = Debug|ARM64
		Debug|x64 = Debug|x64
		Debug|x86 = Debug|x86
		Release|Any CPU = Release|Any CPU
		Release|ARM = Release|ARM
		Release|ARM64 = Release|ARM64
		Release|x64 = Release|x64
		Release|x86 = Release|x86
	EndGlobalSection
	GlobalSection(ProjectConfigurationPlatforms) = postSolution
		{25A323A4-A832-487C-9AB2-32E14C56E148}.Debug|Any CPU.ActiveCfg = Debug|Any CPU
		{25A323A4-A832-487C-9AB2-32E14C56E148}.Debug|Any CPU.Build.0 = Debug|Any CPU
		{25A323A4-A832-487C-9AB2-32E14C56E148}.Debug|ARM.ActiveCfg = Debug|Any CPU
		{25A323A4-A832-487C-9AB2-32E14C56E148}.Debug|ARM.Build.0 = Debug|Any CPU
		{25A323A4-A832-487C-9AB2-32E14C56E148}.Debug|ARM64.ActiveCfg = Debug|Any CPU
		{25A323A4-A832-487C-9AB2-32E14C56E148}.Debug|ARM64.Build.0 = Debug|Any CPU
		{25A323A4-A832-487C-9AB2-32E14C56E148}.Debug|x64.ActiveCfg = Debug|Any CPU
		{25A323A4-A832-487C-9AB2-32E14C56E148}.Debug|x64.Build.0 = Debug|Any CPU
		{25A323A4-A832-487C-9AB2-32E14C56E148}.Debug|x86.ActiveCfg = Debug|Any CPU
		{25A323A4-A832-487C-9AB2-32E14C56E148}.Debug|x86.Build.0 = Debug|Any CPU
		{25A323A4-A832-487C-9AB2-32E14C56E148}.Release|Any CPU.ActiveCfg = Release|Any CPU
		{25A323A4-A832-487C-9AB2-32E14C56E148}.Release|Any CPU.Build.0 = Release|Any CPU
		{25A323A4-A832-487C-9AB2-32E14C56E148}.Release|ARM.ActiveCfg = Release|Any CPU
		{25A323A4-A832-487C-9AB2-32E14C56E148}.Release|ARM.Build.0 = Release|Any CPU
		{25A323A4-A832-487C-9AB2-32E14C56E148}.Release|ARM64.ActiveCfg = Release|Any CPU
		{25A323A4-A832-487C-9AB2-32E14C56E148}.Release|ARM64.Build.0 = Release|Any CPU
		{25A323A4-A832-487C-9AB2-32E14C56E148}.Release|x64.ActiveCfg = Release|Any CPU
		{25A323A4-A832-487C-9AB2-32E14C56E148}.Release|x64.Build.0 = Release|Any CPU
		{25A323A4-A832-487C-9AB2-32E14C56E148}.Release|x86.ActiveCfg = Release|Any CPU
		{25A323A4-A832-487C-9AB2-32E14C56E148}.Release|x86.Build.0 = Release|Any CPU
		{CA2D2594-7051-4FC9-B1E1-EF077F439FCF}.Debug|Any CPU.ActiveCfg = Debug|Any CPU
		{CA2D2594-7051-4FC9-B1E1-EF077F439FCF}.Debug|Any CPU.Build.0 = Debug|Any CPU
		{CA2D2594-7051-4FC9-B1E1-EF077F439FCF}.Debug|ARM.ActiveCfg = Debug|Any CPU
		{CA2D2594-7051-4FC9-B1E1-EF077F439FCF}.Debug|ARM.Build.0 = Debug|Any CPU
		{CA2D2594-7051-4FC9-B1E1-EF077F439FCF}.Debug|ARM64.ActiveCfg = Debug|Any CPU
		{CA2D2594-7051-4FC9-B1E1-EF077F439FCF}.Debug|ARM64.Build.0 = Debug|Any CPU
		{CA2D2594-7051-4FC9-B1E1-EF077F439FCF}.Debug|x64.ActiveCfg = Debug|Any CPU
		{CA2D2594-7051-4FC9-B1E1-EF077F439FCF}.Debug|x64.Build.0 = Debug|Any CPU
		{CA2D2594-7051-4FC9-B1E1-EF077F439FCF}.Debug|x86.ActiveCfg = Debug|Any CPU
		{CA2D2594-7051-4FC9-B1E1-EF077F439FCF}.Debug|x86.Build.0 = Debug|Any CPU
		{CA2D2594-7051-4FC9-B1E1-EF077F439FCF}.Release|Any CPU.ActiveCfg = Release|Any CPU
		{CA2D2594-7051-4FC9-B1E1-EF077F439FCF}.Release|Any CPU.Build.0 = Release|Any CPU
		{CA2D2594-7051-4FC9-B1E1-EF077F439FCF}.Release|ARM.ActiveCfg = Release|Any CPU
		{CA2D2594-7051-4FC9-B1E1-EF077F439FCF}.Release|ARM.Build.0 = Release|Any CPU
		{CA2D2594-7051-4FC9-B1E1-EF077F439FCF}.Release|ARM64.ActiveCfg = Release|Any CPU
		{CA2D2594-7051-4FC9-B1E1-EF077F439FCF}.Release|ARM64.Build.0 = Release|Any CPU
		{CA2D2594-7051-4FC9-B1E1-EF077F439FCF}.Release|x64.ActiveCfg = Release|Any CPU
		{CA2D2594-7051-4FC9-B1E1-EF077F439FCF}.Release|x64.Build.0 = Release|Any CPU
		{CA2D2594-7051-4FC9-B1E1-EF077F439FCF}.Release|x86.ActiveCfg = Release|Any CPU
		{CA2D2594-7051-4FC9-B1E1-EF077F439FCF}.Release|x86.Build.0 = Release|Any CPU
		{5B677CF7-1A8B-478C-99ED-AB7518DB0EAA}.Debug|Any CPU.ActiveCfg = Debug|Any CPU
		{5B677CF7-1A8B-478C-99ED-AB7518DB0EAA}.Debug|Any CPU.Build.0 = Debug|Any CPU
		{5B677CF7-1A8B-478C-99ED-AB7518DB0EAA}.Debug|ARM.ActiveCfg = Debug|Any CPU
		{5B677CF7-1A8B-478C-99ED-AB7518DB0EAA}.Debug|ARM.Build.0 = Debug|Any CPU
		{5B677CF7-1A8B-478C-99ED-AB7518DB0EAA}.Debug|ARM64.ActiveCfg = Debug|Any CPU
		{5B677CF7-1A8B-478C-99ED-AB7518DB0EAA}.Debug|ARM64.Build.0 = Debug|Any CPU
		{5B677CF7-1A8B-478C-99ED-AB7518DB0EAA}.Debug|x64.ActiveCfg = Debug|Any CPU
		{5B677CF7-1A8B-478C-99ED-AB7518DB0EAA}.Debug|x64.Build.0 = Debug|Any CPU
		{5B677CF7-1A8B-478C-99ED-AB7518DB0EAA}.Debug|x86.ActiveCfg = Debug|Any CPU
		{5B677CF7-1A8B-478C-99ED-AB7518DB0EAA}.Debug|x86.Build.0 = Debug|Any CPU
		{5B677CF7-1A8B-478C-99ED-AB7518DB0EAA}.Release|Any CPU.ActiveCfg = Release|Any CPU
		{5B677CF7-1A8B-478C-99ED-AB7518DB0EAA}.Release|Any CPU.Build.0 = Release|Any CPU
		{5B677CF7-1A8B-478C-99ED-AB7518DB0EAA}.Release|ARM.ActiveCfg = Release|Any CPU
		{5B677CF7-1A8B-478C-99ED-AB7518DB0EAA}.Release|ARM.Build.0 = Release|Any CPU
		{5B677CF7-1A8B-478C-99ED-AB7518DB0EAA}.Release|ARM64.ActiveCfg = Release|Any CPU
		{5B677CF7-1A8B-478C-99ED-AB7518DB0EAA}.Release|ARM64.Build.0 = Release|Any CPU
		{5B677CF7-1A8B-478C-99ED-AB7518DB0EAA}.Release|x64.ActiveCfg = Release|Any CPU
		{5B677CF7-1A8B-478C-99ED-AB7518DB0EAA}.Release|x64.Build.0 = Release|Any CPU
		{5B677CF7-1A8B-478C-99ED-AB7518DB0EAA}.Release|x86.ActiveCfg = Release|Any CPU
		{5B677CF7-1A8B-478C-99ED-AB7518DB0EAA}.Release|x86.Build.0 = Release|Any CPU
		{3CE0B967-28FB-447C-B9ED-A62629528C04}.Debug|Any CPU.ActiveCfg = Debug|Any CPU
		{3CE0B967-28FB-447C-B9ED-A62629528C04}.Debug|Any CPU.Build.0 = Debug|Any CPU
		{3CE0B967-28FB-447C-B9ED-A62629528C04}.Debug|ARM.ActiveCfg = Debug|Any CPU
		{3CE0B967-28FB-447C-B9ED-A62629528C04}.Debug|ARM.Build.0 = Debug|Any CPU
		{3CE0B967-28FB-447C-B9ED-A62629528C04}.Debug|ARM64.ActiveCfg = Debug|Any CPU
		{3CE0B967-28FB-447C-B9ED-A62629528C04}.Debug|ARM64.Build.0 = Debug|Any CPU
		{3CE0B967-28FB-447C-B9ED-A62629528C04}.Debug|x64.ActiveCfg = Debug|Any CPU
		{3CE0B967-28FB-447C-B9ED-A62629528C04}.Debug|x64.Build.0 = Debug|Any CPU
		{3CE0B967-28FB-447C-B9ED-A62629528C04}.Debug|x86.ActiveCfg = Debug|Any CPU
		{3CE0B967-28FB-447C-B9ED-A62629528C04}.Debug|x86.Build.0 = Debug|Any CPU
		{3CE0B967-28FB-447C-B9ED-A62629528C04}.Release|Any CPU.ActiveCfg = Release|Any CPU
		{3CE0B967-28FB-447C-B9ED-A62629528C04}.Release|Any CPU.Build.0 = Release|Any CPU
		{3CE0B967-28FB-447C-B9ED-A62629528C04}.Release|ARM.ActiveCfg = Release|Any CPU
		{3CE0B967-28FB-447C-B9ED-A62629528C04}.Release|ARM.Build.0 = Release|Any CPU
		{3CE0B967-28FB-447C-B9ED-A62629528C04}.Release|ARM64.ActiveCfg = Release|Any CPU
		{3CE0B967-28FB-447C-B9ED-A62629528C04}.Release|ARM64.Build.0 = Release|Any CPU
		{3CE0B967-28FB-447C-B9ED-A62629528C04}.Release|x64.ActiveCfg = Release|Any CPU
		{3CE0B967-28FB-447C-B9ED-A62629528C04}.Release|x64.Build.0 = Release|Any CPU
		{3CE0B967-28FB-447C-B9ED-A62629528C04}.Release|x86.ActiveCfg = Release|Any CPU
		{3CE0B967-28FB-447C-B9ED-A62629528C04}.Release|x86.Build.0 = Release|Any CPU
		{92CFB99E-4D93-47F2-A4AD-DD0668EFE739}.Debug|Any CPU.ActiveCfg = Debug|Any CPU
		{92CFB99E-4D93-47F2-A4AD-DD0668EFE739}.Debug|Any CPU.Build.0 = Debug|Any CPU
		{92CFB99E-4D93-47F2-A4AD-DD0668EFE739}.Debug|ARM.ActiveCfg = Debug|Any CPU
		{92CFB99E-4D93-47F2-A4AD-DD0668EFE739}.Debug|ARM.Build.0 = Debug|Any CPU
		{92CFB99E-4D93-47F2-A4AD-DD0668EFE739}.Debug|ARM64.ActiveCfg = Debug|Any CPU
		{92CFB99E-4D93-47F2-A4AD-DD0668EFE739}.Debug|ARM64.Build.0 = Debug|Any CPU
		{92CFB99E-4D93-47F2-A4AD-DD0668EFE739}.Debug|x64.ActiveCfg = Debug|Any CPU
		{92CFB99E-4D93-47F2-A4AD-DD0668EFE739}.Debug|x64.Build.0 = Debug|Any CPU
		{92CFB99E-4D93-47F2-A4AD-DD0668EFE739}.Debug|x86.ActiveCfg = Debug|Any CPU
		{92CFB99E-4D93-47F2-A4AD-DD0668EFE739}.Debug|x86.Build.0 = Debug|Any CPU
		{92CFB99E-4D93-47F2-A4AD-DD0668EFE739}.Release|Any CPU.ActiveCfg = Release|Any CPU
		{92CFB99E-4D93-47F2-A4AD-DD0668EFE739}.Release|Any CPU.Build.0 = Release|Any CPU
		{92CFB99E-4D93-47F2-A4AD-DD0668EFE739}.Release|ARM.ActiveCfg = Release|Any CPU
		{92CFB99E-4D93-47F2-A4AD-DD0668EFE739}.Release|ARM.Build.0 = Release|Any CPU
		{92CFB99E-4D93-47F2-A4AD-DD0668EFE739}.Release|ARM64.ActiveCfg = Release|Any CPU
		{92CFB99E-4D93-47F2-A4AD-DD0668EFE739}.Release|ARM64.Build.0 = Release|Any CPU
		{92CFB99E-4D93-47F2-A4AD-DD0668EFE739}.Release|x64.ActiveCfg = Release|Any CPU
		{92CFB99E-4D93-47F2-A4AD-DD0668EFE739}.Release|x64.Build.0 = Release|Any CPU
		{92CFB99E-4D93-47F2-A4AD-DD0668EFE739}.Release|x86.ActiveCfg = Release|Any CPU
		{92CFB99E-4D93-47F2-A4AD-DD0668EFE739}.Release|x86.Build.0 = Release|Any CPU
		{AB2962FE-8A85-43C1-9328-AB9F43BB9160}.Debug|Any CPU.ActiveCfg = Debug|Any CPU
		{AB2962FE-8A85-43C1-9328-AB9F43BB9160}.Debug|Any CPU.Build.0 = Debug|Any CPU
		{AB2962FE-8A85-43C1-9328-AB9F43BB9160}.Debug|ARM.ActiveCfg = Debug|Any CPU
		{AB2962FE-8A85-43C1-9328-AB9F43BB9160}.Debug|ARM.Build.0 = Debug|Any CPU
		{AB2962FE-8A85-43C1-9328-AB9F43BB9160}.Debug|ARM64.ActiveCfg = Debug|Any CPU
		{AB2962FE-8A85-43C1-9328-AB9F43BB9160}.Debug|ARM64.Build.0 = Debug|Any CPU
		{AB2962FE-8A85-43C1-9328-AB9F43BB9160}.Debug|x64.ActiveCfg = Debug|Any CPU
		{AB2962FE-8A85-43C1-9328-AB9F43BB9160}.Debug|x64.Build.0 = Debug|Any CPU
		{AB2962FE-8A85-43C1-9328-AB9F43BB9160}.Debug|x86.ActiveCfg = Debug|Any CPU
		{AB2962FE-8A85-43C1-9328-AB9F43BB9160}.Debug|x86.Build.0 = Debug|Any CPU
		{AB2962FE-8A85-43C1-9328-AB9F43BB9160}.Release|Any CPU.ActiveCfg = Release|Any CPU
		{AB2962FE-8A85-43C1-9328-AB9F43BB9160}.Release|Any CPU.Build.0 = Release|Any CPU
		{AB2962FE-8A85-43C1-9328-AB9F43BB9160}.Release|ARM.ActiveCfg = Release|Any CPU
		{AB2962FE-8A85-43C1-9328-AB9F43BB9160}.Release|ARM.Build.0 = Release|Any CPU
		{AB2962FE-8A85-43C1-9328-AB9F43BB9160}.Release|ARM64.ActiveCfg = Release|Any CPU
		{AB2962FE-8A85-43C1-9328-AB9F43BB9160}.Release|ARM64.Build.0 = Release|Any CPU
		{AB2962FE-8A85-43C1-9328-AB9F43BB9160}.Release|x64.ActiveCfg = Release|Any CPU
		{AB2962FE-8A85-43C1-9328-AB9F43BB9160}.Release|x64.Build.0 = Release|Any CPU
		{AB2962FE-8A85-43C1-9328-AB9F43BB9160}.Release|x86.ActiveCfg = Release|Any CPU
		{AB2962FE-8A85-43C1-9328-AB9F43BB9160}.Release|x86.Build.0 = Release|Any CPU
	EndGlobalSection
	GlobalSection(SolutionProperties) = preSolution
		HideSolutionNode = FALSE
	EndGlobalSection
	GlobalSection(ExtensibilityGlobals) = postSolution
		SolutionGuid = {90BE64ED-1514-40B0-A4CB-BA2C07AB3406}
	EndGlobalSection
EndGlobal
