
Microsoft Visual Studio Solution File, Format Version 12.00
# Visual Studio Version 17
VisualStudioVersion = 17.6.33723.286
MinimumVisualStudioVersion = 10.0.40219.1
Project("{FAE04EC0-301F-11D3-BF4B-00C04F79EFBC}") = "AK_Library", "AK_DLL\AK_Library.csproj", "{25A323A4-A832-487C-9AB2-32E14C56E148}"
	ProjectSection(ProjectDependencies) = postProject
		{4A517DFE-D8AE-444C-B6E8-A4641E7E1ACD} = {4A517DFE-D8AE-444C-B6E8-A4641E7E1ACD}
		{92CFB99E-4D93-47F2-A4AD-DD0668EFE739} = {92CFB99E-4D93-47F2-A4AD-DD0668EFE739}
		{AB2962FE-8A85-43C1-9328-AB9F43BB9160} = {AB2962FE-8A85-43C1-9328-AB9F43BB9160}
		{CA2D2594-7051-4FC9-B1E1-EF077F439FCF} = {CA2D2594-7051-4FC9-B1E1-EF077F439FCF}
		{FF2ECE8F-73B3-49F0-82E6-BC15C45E33A6} = {FF2ECE8F-73B3-49F0-82E6-BC15C45E33A6}
	EndProjectSection
EndProject
Project("{FAE04EC0-301F-11D3-BF4B-00C04F79EFBC}") = "FS_LivelyRim", "LivelyRim\FS_LivelyRim.csproj", "{CA2D2594-7051-4FC9-B1E1-EF077F439FCF}"
EndProject
Project("{FAE04EC0-301F-11D3-BF4B-00C04F79EFBC}") = "AK_Compliment", "AK_Compliment\AK_Compliment.csproj", "{5B677CF7-1A8B-478C-99ED-AB7518DB0EAA}"
EndProject
Project("{FAE04EC0-301F-11D3-BF4B-00C04F79EFBC}") = "AKA_Ability", "AKA_Ability\AKA_Ability.csproj", "{92CFB99E-4D93-47F2-A4AD-DD0668EFE739}"
	ProjectSection(ProjectDependencies) = postProject
		{FF2ECE8F-73B3-49F0-82E6-BC15C45E33A6} = {FF2ECE8F-73B3-49F0-82E6-BC15C45E33A6}
	EndProjectSection
EndProject
Project("{FAE04EC0-301F-11D3-BF4B-00C04F79EFBC}") = "AKM_MusicPlayer", "AKM_MusicPlayer\AKM_MusicPlayer.csproj", "{AB2962FE-8A85-43C1-9328-AB9F43BB9160}"
EndProject
Project("{FAE04EC0-301F-11D3-BF4B-00C04F79EFBC}") = "AKE_OperatorExtension", "AKE_OperatorExtension\AKE_OperatorExtension.csproj", "{004B6315-BCF5-49E2-96F7-DA1C42DA4A64}"
EndProject
Project("{FAE04EC0-301F-11D3-BF4B-00C04F79EFBC}") = "AKS_ShieldFramework", "AKS_ShieldFramework\AKS_ShieldFramework.csproj", "{8C33EFD6-9006-4CF3-8C33-50CC0418238C}"
EndProject
Project("{FAE04EC0-301F-11D3-BF4B-00C04F79EFBC}") = "LMA_ShipExtension", "LMA_ShipExtension\LMA_ShipExtension.csproj", "{9927DC77-84CE-4C4D-8630-D690904C8395}"
	ProjectSection(ProjectDependencies) = postProject
		{25A323A4-A832-487C-9AB2-32E14C56E148} = {25A323A4-A832-487C-9AB2-32E14C56E148}
		{92CFB99E-4D93-47F2-A4AD-DD0668EFE739} = {92CFB99E-4D93-47F2-A4AD-DD0668EFE739}
		{FF2ECE8F-73B3-49F0-82E6-BC15C45E33A6} = {FF2ECE8F-73B3-49F0-82E6-BC15C45E33A6}
	EndProjectSection
EndProject
Project("{FAE04EC0-301F-11D3-BF4B-00C04F79EFBC}") = "AK_SpineExtention", "AK_SpineExtension\AK_SpineExtention.csproj", "{4A517DFE-D8AE-444C-B6E8-A4641E7E1ACD}"
EndProject
Project("{FAE04EC0-301F-11D3-BF4B-00C04F79EFBC}") = "AKR_WeightedRandomUnified", "AKR_WeightedRandomUnified\AKR_WeightedRandomUnified.csproj", "{CE31C711-E3F1-43D2-AD6A-216097EE20AB}"
EndProject
Project("{FAE04EC0-301F-11D3-BF4B-00C04F79EFBC}") = "1AK_TypeDef", "AK_TypeDef\1AK_TypeDef.csproj", "{FF2ECE8F-73B3-49F0-82E6-BC15C45E33A6}"
EndProject
Project("{FAE04EC0-301F-11D3-BF4B-00C04F79EFBC}") = "AKUL_UnityExplorerLoader", "AKUL_UnityExplorerLoader\AKUL_UnityExplorerLoader.csproj", "{D3814C44-B1F3-4F68-A5C3-17609DEA7B9D}"
EndProject
Project("{FAE04EC0-301F-11D3-BF4B-00C04F79EFBC}") = "SFLib", "SFLib\SFLib.csproj", "{7F0B6D09-307D-4B30-9FD9-94231D1ACB89}"
EndProject
Project("{FAE04EC0-301F-11D3-BF4B-00C04F79EFBC}") = "AK_Compatibility", "AK_Compatibility\1.5_AK_Compatibility\AK_Compatibility.csproj", "{7F874629-1F65-47BC-94CC-E7CC8EE8AFB8}"
EndProject
Project("{FAE04EC0-301F-11D3-BF4B-00C04F79EFBC}") = "AK_AlienRace_Compatibility", "AK_Compatibility\AlienRace_Compatibility\AK_AlienRace_Compatibility.csproj", "{DF765A5A-9A0E-4423-B3F9-6150A2FF0C24}"
EndProject
Project("{FAE04EC0-301F-11D3-BF4B-00C04F79EFBC}") = "AKBG_MainmenuBackground", "AKBG_MainmenuBackground\AKBG_MainmenuBackground.csproj", "{23D1F4BC-F1A4-42F8-A4BC-4C30B6880A3C}"
EndProject
Global
	GlobalSection(SolutionConfigurationPlatforms) = preSolution
		Debug|Any CPU = Debug|Any CPU
		Debug|ARM = Debug|ARM
		Debug|ARM64 = Debug|ARM64
		Debug|x64 = Debug|x64
		Debug|x86 = Debug|x86
		Release|Any CPU = Release|Any CPU
		Release|ARM = Release|ARM
		Release|ARM64 = Release|ARM64
		Release|x64 = Release|x64
		Release|x86 = Release|x86
	EndGlobalSection
	GlobalSection(ProjectConfigurationPlatforms) = postSolution
		{25A323A4-A832-487C-9AB2-32E14C56E148}.Debug|Any CPU.ActiveCfg = Debug|Any CPU
		{25A323A4-A832-487C-9AB2-32E14C56E148}.Debug|Any CPU.Build.0 = Debug|Any CPU
		{25A323A4-A832-487C-9AB2-32E14C56E148}.Debug|ARM.ActiveCfg = Debug|Any CPU
		{25A323A4-A832-487C-9AB2-32E14C56E148}.Debug|ARM.Build.0 = Debug|Any CPU
		{25A323A4-A832-487C-9AB2-32E14C56E148}.Debug|ARM64.ActiveCfg = Debug|Any CPU
		{25A323A4-A832-487C-9AB2-32E14C56E148}.Debug|ARM64.Build.0 = Debug|Any CPU
		{25A323A4-A832-487C-9AB2-32E14C56E148}.Debug|x64.ActiveCfg = Debug|Any CPU
		{25A323A4-A832-487C-9AB2-32E14C56E148}.Debug|x64.Build.0 = Debug|Any CPU
		{25A323A4-A832-487C-9AB2-32E14C56E148}.Debug|x86.ActiveCfg = Debug|Any CPU
		{25A323A4-A832-487C-9AB2-32E14C56E148}.Debug|x86.Build.0 = Debug|Any CPU
		{25A323A4-A832-487C-9AB2-32E14C56E148}.Release|Any CPU.ActiveCfg = Release|Any CPU
		{25A323A4-A832-487C-9AB2-32E14C56E148}.Release|Any CPU.Build.0 = Release|Any CPU
		{25A323A4-A832-487C-9AB2-32E14C56E148}.Release|ARM.ActiveCfg = Release|Any CPU
		{25A323A4-A832-487C-9AB2-32E14C56E148}.Release|ARM.Build.0 = Release|Any CPU
		{25A323A4-A832-487C-9AB2-32E14C56E148}.Release|ARM64.ActiveCfg = Release|Any CPU
		{25A323A4-A832-487C-9AB2-32E14C56E148}.Release|ARM64.Build.0 = Release|Any CPU
		{25A323A4-A832-487C-9AB2-32E14C56E148}.Release|x64.ActiveCfg = Release|Any CPU
		{25A323A4-A832-487C-9AB2-32E14C56E148}.Release|x64.Build.0 = Release|Any CPU
		{25A323A4-A832-487C-9AB2-32E14C56E148}.Release|x86.ActiveCfg = Release|Any CPU
		{25A323A4-A832-487C-9AB2-32E14C56E148}.Release|x86.Build.0 = Release|Any CPU
		{CA2D2594-7051-4FC9-B1E1-EF077F439FCF}.Debug|Any CPU.ActiveCfg = Debug|Any CPU
		{CA2D2594-7051-4FC9-B1E1-EF077F439FCF}.Debug|Any CPU.Build.0 = Debug|Any CPU
		{CA2D2594-7051-4FC9-B1E1-EF077F439FCF}.Debug|ARM.ActiveCfg = Debug|Any CPU
		{CA2D2594-7051-4FC9-B1E1-EF077F439FCF}.Debug|ARM.Build.0 = Debug|Any CPU
		{CA2D2594-7051-4FC9-B1E1-EF077F439FCF}.Debug|ARM64.ActiveCfg = Debug|Any CPU
		{CA2D2594-7051-4FC9-B1E1-EF077F439FCF}.Debug|ARM64.Build.0 = Debug|Any CPU
		{CA2D2594-7051-4FC9-B1E1-EF077F439FCF}.Debug|x64.ActiveCfg = Debug|Any CPU
		{CA2D2594-7051-4FC9-B1E1-EF077F439FCF}.Debug|x64.Build.0 = Debug|Any CPU
		{CA2D2594-7051-4FC9-B1E1-EF077F439FCF}.Debug|x86.ActiveCfg = Debug|Any CPU
		{CA2D2594-7051-4FC9-B1E1-EF077F439FCF}.Debug|x86.Build.0 = Debug|Any CPU
		{CA2D2594-7051-4FC9-B1E1-EF077F439FCF}.Release|Any CPU.ActiveCfg = Release|Any CPU
		{CA2D2594-7051-4FC9-B1E1-EF077F439FCF}.Release|Any CPU.Build.0 = Release|Any CPU
		{CA2D2594-7051-4FC9-B1E1-EF077F439FCF}.Release|ARM.ActiveCfg = Release|Any CPU
		{CA2D2594-7051-4FC9-B1E1-EF077F439FCF}.Release|ARM.Build.0 = Release|Any CPU
		{CA2D2594-7051-4FC9-B1E1-EF077F439FCF}.Release|ARM64.ActiveCfg = Release|Any CPU
		{CA2D2594-7051-4FC9-B1E1-EF077F439FCF}.Release|ARM64.Build.0 = Release|Any CPU
		{CA2D2594-7051-4FC9-B1E1-EF077F439FCF}.Release|x64.ActiveCfg = Release|Any CPU
		{CA2D2594-7051-4FC9-B1E1-EF077F439FCF}.Release|x64.Build.0 = Release|Any CPU
		{CA2D2594-7051-4FC9-B1E1-EF077F439FCF}.Release|x86.ActiveCfg = Release|Any CPU
		{CA2D2594-7051-4FC9-B1E1-EF077F439FCF}.Release|x86.Build.0 = Release|Any CPU
		{5B677CF7-1A8B-478C-99ED-AB7518DB0EAA}.Debug|Any CPU.ActiveCfg = Debug|Any CPU
		{5B677CF7-1A8B-478C-99ED-AB7518DB0EAA}.Debug|Any CPU.Build.0 = Debug|Any CPU
		{5B677CF7-1A8B-478C-99ED-AB7518DB0EAA}.Debug|ARM.ActiveCfg = Debug|Any CPU
		{5B677CF7-1A8B-478C-99ED-AB7518DB0EAA}.Debug|ARM.Build.0 = Debug|Any CPU
		{5B677CF7-1A8B-478C-99ED-AB7518DB0EAA}.Debug|ARM64.ActiveCfg = Debug|Any CPU
		{5B677CF7-1A8B-478C-99ED-AB7518DB0EAA}.Debug|ARM64.Build.0 = Debug|Any CPU
		{5B677CF7-1A8B-478C-99ED-AB7518DB0EAA}.Debug|x64.ActiveCfg = Debug|Any CPU
		{5B677CF7-1A8B-478C-99ED-AB7518DB0EAA}.Debug|x64.Build.0 = Debug|Any CPU
		{5B677CF7-1A8B-478C-99ED-AB7518DB0EAA}.Debug|x86.ActiveCfg = Debug|Any CPU
		{5B677CF7-1A8B-478C-99ED-AB7518DB0EAA}.Debug|x86.Build.0 = Debug|Any CPU
		{5B677CF7-1A8B-478C-99ED-AB7518DB0EAA}.Release|Any CPU.ActiveCfg = Release|Any CPU
		{5B677CF7-1A8B-478C-99ED-AB7518DB0EAA}.Release|Any CPU.Build.0 = Release|Any CPU
		{5B677CF7-1A8B-478C-99ED-AB7518DB0EAA}.Release|ARM.ActiveCfg = Release|Any CPU
		{5B677CF7-1A8B-478C-99ED-AB7518DB0EAA}.Release|ARM.Build.0 = Release|Any CPU
		{5B677CF7-1A8B-478C-99ED-AB7518DB0EAA}.Release|ARM64.ActiveCfg = Release|Any CPU
		{5B677CF7-1A8B-478C-99ED-AB7518DB0EAA}.Release|ARM64.Build.0 = Release|Any CPU
		{5B677CF7-1A8B-478C-99ED-AB7518DB0EAA}.Release|x64.ActiveCfg = Release|Any CPU
		{5B677CF7-1A8B-478C-99ED-AB7518DB0EAA}.Release|x64.Build.0 = Release|Any CPU
		{5B677CF7-1A8B-478C-99ED-AB7518DB0EAA}.Release|x86.ActiveCfg = Release|Any CPU
		{5B677CF7-1A8B-478C-99ED-AB7518DB0EAA}.Release|x86.Build.0 = Release|Any CPU
		{92CFB99E-4D93-47F2-A4AD-DD0668EFE739}.Debug|Any CPU.ActiveCfg = Debug|Any CPU
		{92CFB99E-4D93-47F2-A4AD-DD0668EFE739}.Debug|Any CPU.Build.0 = Debug|Any CPU
		{92CFB99E-4D93-47F2-A4AD-DD0668EFE739}.Debug|ARM.ActiveCfg = Debug|Any CPU
		{92CFB99E-4D93-47F2-A4AD-DD0668EFE739}.Debug|ARM.Build.0 = Debug|Any CPU
		{92CFB99E-4D93-47F2-A4AD-DD0668EFE739}.Debug|ARM64.ActiveCfg = Debug|Any CPU
		{92CFB99E-4D93-47F2-A4AD-DD0668EFE739}.Debug|ARM64.Build.0 = Debug|Any CPU
		{92CFB99E-4D93-47F2-A4AD-DD0668EFE739}.Debug|x64.ActiveCfg = Debug|Any CPU
		{92CFB99E-4D93-47F2-A4AD-DD0668EFE739}.Debug|x64.Build.0 = Debug|Any CPU
		{92CFB99E-4D93-47F2-A4AD-DD0668EFE739}.Debug|x86.ActiveCfg = Debug|Any CPU
		{92CFB99E-4D93-47F2-A4AD-DD0668EFE739}.Debug|x86.Build.0 = Debug|Any CPU
		{92CFB99E-4D93-47F2-A4AD-DD0668EFE739}.Release|Any CPU.ActiveCfg = Release|Any CPU
		{92CFB99E-4D93-47F2-A4AD-DD0668EFE739}.Release|Any CPU.Build.0 = Release|Any CPU
		{92CFB99E-4D93-47F2-A4AD-DD0668EFE739}.Release|ARM.ActiveCfg = Release|Any CPU
		{92CFB99E-4D93-47F2-A4AD-DD0668EFE739}.Release|ARM.Build.0 = Release|Any CPU
		{92CFB99E-4D93-47F2-A4AD-DD0668EFE739}.Release|ARM64.ActiveCfg = Release|Any CPU
		{92CFB99E-4D93-47F2-A4AD-DD0668EFE739}.Release|ARM64.Build.0 = Release|Any CPU
		{92CFB99E-4D93-47F2-A4AD-DD0668EFE739}.Release|x64.ActiveCfg = Release|Any CPU
		{92CFB99E-4D93-47F2-A4AD-DD0668EFE739}.Release|x64.Build.0 = Release|Any CPU
		{92CFB99E-4D93-47F2-A4AD-DD0668EFE739}.Release|x86.ActiveCfg = Release|Any CPU
		{92CFB99E-4D93-47F2-A4AD-DD0668EFE739}.Release|x86.Build.0 = Release|Any CPU
		{AB2962FE-8A85-43C1-9328-AB9F43BB9160}.Debug|Any CPU.ActiveCfg = Debug|Any CPU
		{AB2962FE-8A85-43C1-9328-AB9F43BB9160}.Debug|Any CPU.Build.0 = Debug|Any CPU
		{AB2962FE-8A85-43C1-9328-AB9F43BB9160}.Debug|ARM.ActiveCfg = Debug|Any CPU
		{AB2962FE-8A85-43C1-9328-AB9F43BB9160}.Debug|ARM.Build.0 = Debug|Any CPU
		{AB2962FE-8A85-43C1-9328-AB9F43BB9160}.Debug|ARM64.ActiveCfg = Debug|Any CPU
		{AB2962FE-8A85-43C1-9328-AB9F43BB9160}.Debug|ARM64.Build.0 = Debug|Any CPU
		{AB2962FE-8A85-43C1-9328-AB9F43BB9160}.Debug|x64.ActiveCfg = Debug|Any CPU
		{AB2962FE-8A85-43C1-9328-AB9F43BB9160}.Debug|x64.Build.0 = Debug|Any CPU
		{AB2962FE-8A85-43C1-9328-AB9F43BB9160}.Debug|x86.ActiveCfg = Debug|Any CPU
		{AB2962FE-8A85-43C1-9328-AB9F43BB9160}.Debug|x86.Build.0 = Debug|Any CPU
		{AB2962FE-8A85-43C1-9328-AB9F43BB9160}.Release|Any CPU.ActiveCfg = Release|Any CPU
		{AB2962FE-8A85-43C1-9328-AB9F43BB9160}.Release|Any CPU.Build.0 = Release|Any CPU
		{AB2962FE-8A85-43C1-9328-AB9F43BB9160}.Release|ARM.ActiveCfg = Release|Any CPU
		{AB2962FE-8A85-43C1-9328-AB9F43BB9160}.Release|ARM.Build.0 = Release|Any CPU
		{AB2962FE-8A85-43C1-9328-AB9F43BB9160}.Release|ARM64.ActiveCfg = Release|Any CPU
		{AB2962FE-8A85-43C1-9328-AB9F43BB9160}.Release|ARM64.Build.0 = Release|Any CPU
		{AB2962FE-8A85-43C1-9328-AB9F43BB9160}.Release|x64.ActiveCfg = Release|Any CPU
		{AB2962FE-8A85-43C1-9328-AB9F43BB9160}.Release|x64.Build.0 = Release|Any CPU
		{AB2962FE-8A85-43C1-9328-AB9F43BB9160}.Release|x86.ActiveCfg = Release|Any CPU
		{AB2962FE-8A85-43C1-9328-AB9F43BB9160}.Release|x86.Build.0 = Release|Any CPU
		{004B6315-BCF5-49E2-96F7-DA1C42DA4A64}.Debug|Any CPU.ActiveCfg = Debug|Any CPU
		{004B6315-BCF5-49E2-96F7-DA1C42DA4A64}.Debug|Any CPU.Build.0 = Debug|Any CPU
		{004B6315-BCF5-49E2-96F7-DA1C42DA4A64}.Debug|ARM.ActiveCfg = Debug|Any CPU
		{004B6315-BCF5-49E2-96F7-DA1C42DA4A64}.Debug|ARM.Build.0 = Debug|Any CPU
		{004B6315-BCF5-49E2-96F7-DA1C42DA4A64}.Debug|ARM64.ActiveCfg = Debug|Any CPU
		{004B6315-BCF5-49E2-96F7-DA1C42DA4A64}.Debug|ARM64.Build.0 = Debug|Any CPU
		{004B6315-BCF5-49E2-96F7-DA1C42DA4A64}.Debug|x64.ActiveCfg = Debug|Any CPU
		{004B6315-BCF5-49E2-96F7-DA1C42DA4A64}.Debug|x64.Build.0 = Debug|Any CPU
		{004B6315-BCF5-49E2-96F7-DA1C42DA4A64}.Debug|x86.ActiveCfg = Debug|Any CPU
		{004B6315-BCF5-49E2-96F7-DA1C42DA4A64}.Debug|x86.Build.0 = Debug|Any CPU
		{004B6315-BCF5-49E2-96F7-DA1C42DA4A64}.Release|Any CPU.ActiveCfg = Release|Any CPU
		{004B6315-BCF5-49E2-96F7-DA1C42DA4A64}.Release|Any CPU.Build.0 = Release|Any CPU
		{004B6315-BCF5-49E2-96F7-DA1C42DA4A64}.Release|ARM.ActiveCfg = Release|Any CPU
		{004B6315-BCF5-49E2-96F7-DA1C42DA4A64}.Release|ARM.Build.0 = Release|Any CPU
		{004B6315-BCF5-49E2-96F7-DA1C42DA4A64}.Release|ARM64.ActiveCfg = Release|Any CPU
		{004B6315-BCF5-49E2-96F7-DA1C42DA4A64}.Release|ARM64.Build.0 = Release|Any CPU
		{004B6315-BCF5-49E2-96F7-DA1C42DA4A64}.Release|x64.ActiveCfg = Release|Any CPU
		{004B6315-BCF5-49E2-96F7-DA1C42DA4A64}.Release|x64.Build.0 = Release|Any CPU
		{004B6315-BCF5-49E2-96F7-DA1C42DA4A64}.Release|x86.ActiveCfg = Release|Any CPU
		{004B6315-BCF5-49E2-96F7-DA1C42DA4A64}.Release|x86.Build.0 = Release|Any CPU
		{8C33EFD6-9006-4CF3-8C33-50CC0418238C}.Debug|Any CPU.ActiveCfg = Debug|Any CPU
		{8C33EFD6-9006-4CF3-8C33-50CC0418238C}.Debug|Any CPU.Build.0 = Debug|Any CPU
		{8C33EFD6-9006-4CF3-8C33-50CC0418238C}.Debug|ARM.ActiveCfg = Debug|Any CPU
		{8C33EFD6-9006-4CF3-8C33-50CC0418238C}.Debug|ARM.Build.0 = Debug|Any CPU
		{8C33EFD6-9006-4CF3-8C33-50CC0418238C}.Debug|ARM64.ActiveCfg = Debug|Any CPU
		{8C33EFD6-9006-4CF3-8C33-50CC0418238C}.Debug|ARM64.Build.0 = Debug|Any CPU
		{8C33EFD6-9006-4CF3-8C33-50CC0418238C}.Debug|x64.ActiveCfg = Debug|Any CPU
		{8C33EFD6-9006-4CF3-8C33-50CC0418238C}.Debug|x64.Build.0 = Debug|Any CPU
		{8C33EFD6-9006-4CF3-8C33-50CC0418238C}.Debug|x86.ActiveCfg = Debug|Any CPU
		{8C33EFD6-9006-4CF3-8C33-50CC0418238C}.Debug|x86.Build.0 = Debug|Any CPU
		{8C33EFD6-9006-4CF3-8C33-50CC0418238C}.Release|Any CPU.ActiveCfg = Release|Any CPU
		{8C33EFD6-9006-4CF3-8C33-50CC0418238C}.Release|Any CPU.Build.0 = Release|Any CPU
		{8C33EFD6-9006-4CF3-8C33-50CC0418238C}.Release|ARM.ActiveCfg = Release|Any CPU
		{8C33EFD6-9006-4CF3-8C33-50CC0418238C}.Release|ARM.Build.0 = Release|Any CPU
		{8C33EFD6-9006-4CF3-8C33-50CC0418238C}.Release|ARM64.ActiveCfg = Release|Any CPU
		{8C33EFD6-9006-4CF3-8C33-50CC0418238C}.Release|ARM64.Build.0 = Release|Any CPU
		{8C33EFD6-9006-4CF3-8C33-50CC0418238C}.Release|x64.ActiveCfg = Release|Any CPU
		{8C33EFD6-9006-4CF3-8C33-50CC0418238C}.Release|x64.Build.0 = Release|Any CPU
		{8C33EFD6-9006-4CF3-8C33-50CC0418238C}.Release|x86.ActiveCfg = Release|Any CPU
		{8C33EFD6-9006-4CF3-8C33-50CC0418238C}.Release|x86.Build.0 = Release|Any CPU
		{9927DC77-84CE-4C4D-8630-D690904C8395}.Debug|Any CPU.ActiveCfg = Debug|Any CPU
		{9927DC77-84CE-4C4D-8630-D690904C8395}.Debug|Any CPU.Build.0 = Debug|Any CPU
		{9927DC77-84CE-4C4D-8630-D690904C8395}.Debug|ARM.ActiveCfg = Debug|Any CPU
		{9927DC77-84CE-4C4D-8630-D690904C8395}.Debug|ARM.Build.0 = Debug|Any CPU
		{9927DC77-84CE-4C4D-8630-D690904C8395}.Debug|ARM64.ActiveCfg = Debug|Any CPU
		{9927DC77-84CE-4C4D-8630-D690904C8395}.Debug|ARM64.Build.0 = Debug|Any CPU
		{9927DC77-84CE-4C4D-8630-D690904C8395}.Debug|x64.ActiveCfg = Debug|Any CPU
		{9927DC77-84CE-4C4D-8630-D690904C8395}.Debug|x64.Build.0 = Debug|Any CPU
		{9927DC77-84CE-4C4D-8630-D690904C8395}.Debug|x86.ActiveCfg = Debug|Any CPU
		{9927DC77-84CE-4C4D-8630-D690904C8395}.Debug|x86.Build.0 = Debug|Any CPU
		{9927DC77-84CE-4C4D-8630-D690904C8395}.Release|Any CPU.ActiveCfg = Release|Any CPU
		{9927DC77-84CE-4C4D-8630-D690904C8395}.Release|Any CPU.Build.0 = Release|Any CPU
		{9927DC77-84CE-4C4D-8630-D690904C8395}.Release|ARM.ActiveCfg = Release|Any CPU
		{9927DC77-84CE-4C4D-8630-D690904C8395}.Release|ARM.Build.0 = Release|Any CPU
		{9927DC77-84CE-4C4D-8630-D690904C8395}.Release|ARM64.ActiveCfg = Release|Any CPU
		{9927DC77-84CE-4C4D-8630-D690904C8395}.Release|ARM64.Build.0 = Release|Any CPU
		{9927DC77-84CE-4C4D-8630-D690904C8395}.Release|x64.ActiveCfg = Release|Any CPU
		{9927DC77-84CE-4C4D-8630-D690904C8395}.Release|x64.Build.0 = Release|Any CPU
		{9927DC77-84CE-4C4D-8630-D690904C8395}.Release|x86.ActiveCfg = Release|Any CPU
		{9927DC77-84CE-4C4D-8630-D690904C8395}.Release|x86.Build.0 = Release|Any CPU
		{4A517DFE-D8AE-444C-B6E8-A4641E7E1ACD}.Debug|Any CPU.ActiveCfg = Release|Any CPU
		{4A517DFE-D8AE-444C-B6E8-A4641E7E1ACD}.Debug|Any CPU.Build.0 = Release|Any CPU
		{4A517DFE-D8AE-444C-B6E8-A4641E7E1ACD}.Debug|ARM.ActiveCfg = Debug|Any CPU
		{4A517DFE-D8AE-444C-B6E8-A4641E7E1ACD}.Debug|ARM.Build.0 = Debug|Any CPU
		{4A517DFE-D8AE-444C-B6E8-A4641E7E1ACD}.Debug|ARM64.ActiveCfg = Debug|Any CPU
		{4A517DFE-D8AE-444C-B6E8-A4641E7E1ACD}.Debug|ARM64.Build.0 = Debug|Any CPU
		{4A517DFE-D8AE-444C-B6E8-A4641E7E1ACD}.Debug|x64.ActiveCfg = Debug|Any CPU
		{4A517DFE-D8AE-444C-B6E8-A4641E7E1ACD}.Debug|x64.Build.0 = Debug|Any CPU
		{4A517DFE-D8AE-444C-B6E8-A4641E7E1ACD}.Debug|x86.ActiveCfg = Debug|Any CPU
		{4A517DFE-D8AE-444C-B6E8-A4641E7E1ACD}.Debug|x86.Build.0 = Debug|Any CPU
		{4A517DFE-D8AE-444C-B6E8-A4641E7E1ACD}.Release|Any CPU.ActiveCfg = Release|Any CPU
		{4A517DFE-D8AE-444C-B6E8-A4641E7E1ACD}.Release|Any CPU.Build.0 = Release|Any CPU
		{4A517DFE-D8AE-444C-B6E8-A4641E7E1ACD}.Release|ARM.ActiveCfg = Release|Any CPU
		{4A517DFE-D8AE-444C-B6E8-A4641E7E1ACD}.Release|ARM.Build.0 = Release|Any CPU
		{4A517DFE-D8AE-444C-B6E8-A4641E7E1ACD}.Release|ARM64.ActiveCfg = Release|Any CPU
		{4A517DFE-D8AE-444C-B6E8-A4641E7E1ACD}.Release|ARM64.Build.0 = Release|Any CPU
		{4A517DFE-D8AE-444C-B6E8-A4641E7E1ACD}.Release|x64.ActiveCfg = Release|Any CPU
		{4A517DFE-D8AE-444C-B6E8-A4641E7E1ACD}.Release|x64.Build.0 = Release|Any CPU
		{4A517DFE-D8AE-444C-B6E8-A4641E7E1ACD}.Release|x86.ActiveCfg = Release|Any CPU
		{4A517DFE-D8AE-444C-B6E8-A4641E7E1ACD}.Release|x86.Build.0 = Release|Any CPU
		{CE31C711-E3F1-43D2-AD6A-216097EE20AB}.Debug|Any CPU.ActiveCfg = Debug|Any CPU
		{CE31C711-E3F1-43D2-AD6A-216097EE20AB}.Debug|Any CPU.Build.0 = Debug|Any CPU
		{CE31C711-E3F1-43D2-AD6A-216097EE20AB}.Debug|ARM.ActiveCfg = Debug|Any CPU
		{CE31C711-E3F1-43D2-AD6A-216097EE20AB}.Debug|ARM.Build.0 = Debug|Any CPU
		{CE31C711-E3F1-43D2-AD6A-216097EE20AB}.Debug|ARM64.ActiveCfg = Debug|Any CPU
		{CE31C711-E3F1-43D2-AD6A-216097EE20AB}.Debug|ARM64.Build.0 = Debug|Any CPU
		{CE31C711-E3F1-43D2-AD6A-216097EE20AB}.Debug|x64.ActiveCfg = Debug|Any CPU
		{CE31C711-E3F1-43D2-AD6A-216097EE20AB}.Debug|x64.Build.0 = Debug|Any CPU
		{CE31C711-E3F1-43D2-AD6A-216097EE20AB}.Debug|x86.ActiveCfg = Debug|Any CPU
		{CE31C711-E3F1-43D2-AD6A-216097EE20AB}.Debug|x86.Build.0 = Debug|Any CPU
		{CE31C711-E3F1-43D2-AD6A-216097EE20AB}.Release|Any CPU.ActiveCfg = Release|Any CPU
		{CE31C711-E3F1-43D2-AD6A-216097EE20AB}.Release|Any CPU.Build.0 = Release|Any CPU
		{CE31C711-E3F1-43D2-AD6A-216097EE20AB}.Release|ARM.ActiveCfg = Release|Any CPU
		{CE31C711-E3F1-43D2-AD6A-216097EE20AB}.Release|ARM.Build.0 = Release|Any CPU
		{CE31C711-E3F1-43D2-AD6A-216097EE20AB}.Release|ARM64.ActiveCfg = Release|Any CPU
		{CE31C711-E3F1-43D2-AD6A-216097EE20AB}.Release|ARM64.Build.0 = Release|Any CPU
		{CE31C711-E3F1-43D2-AD6A-216097EE20AB}.Release|x64.ActiveCfg = Release|Any CPU
		{CE31C711-E3F1-43D2-AD6A-216097EE20AB}.Release|x64.Build.0 = Release|Any CPU
		{CE31C711-E3F1-43D2-AD6A-216097EE20AB}.Release|x86.ActiveCfg = Release|Any CPU
		{CE31C711-E3F1-43D2-AD6A-216097EE20AB}.Release|x86.Build.0 = Release|Any CPU
		{FF2ECE8F-73B3-49F0-82E6-BC15C45E33A6}.Debug|Any CPU.ActiveCfg = Debug|Any CPU
		{FF2ECE8F-73B3-49F0-82E6-BC15C45E33A6}.Debug|Any CPU.Build.0 = Debug|Any CPU
		{FF2ECE8F-73B3-49F0-82E6-BC15C45E33A6}.Debug|ARM.ActiveCfg = Debug|Any CPU
		{FF2ECE8F-73B3-49F0-82E6-BC15C45E33A6}.Debug|ARM.Build.0 = Debug|Any CPU
		{FF2ECE8F-73B3-49F0-82E6-BC15C45E33A6}.Debug|ARM64.ActiveCfg = Debug|Any CPU
		{FF2ECE8F-73B3-49F0-82E6-BC15C45E33A6}.Debug|ARM64.Build.0 = Debug|Any CPU
		{FF2ECE8F-73B3-49F0-82E6-BC15C45E33A6}.Debug|x64.ActiveCfg = Debug|Any CPU
		{FF2ECE8F-73B3-49F0-82E6-BC15C45E33A6}.Debug|x64.Build.0 = Debug|Any CPU
		{FF2ECE8F-73B3-49F0-82E6-BC15C45E33A6}.Debug|x86.ActiveCfg = Debug|Any CPU
		{FF2ECE8F-73B3-49F0-82E6-BC15C45E33A6}.Debug|x86.Build.0 = Debug|Any CPU
		{FF2ECE8F-73B3-49F0-82E6-BC15C45E33A6}.Release|Any CPU.ActiveCfg = Release|Any CPU
		{FF2ECE8F-73B3-49F0-82E6-BC15C45E33A6}.Release|Any CPU.Build.0 = Release|Any CPU
		{FF2ECE8F-73B3-49F0-82E6-BC15C45E33A6}.Release|ARM.ActiveCfg = Release|Any CPU
		{FF2ECE8F-73B3-49F0-82E6-BC15C45E33A6}.Release|ARM.Build.0 = Release|Any CPU
		{FF2ECE8F-73B3-49F0-82E6-BC15C45E33A6}.Release|ARM64.ActiveCfg = Release|Any CPU
		{FF2ECE8F-73B3-49F0-82E6-BC15C45E33A6}.Release|ARM64.Build.0 = Release|Any CPU
		{FF2ECE8F-73B3-49F0-82E6-BC15C45E33A6}.Release|x64.ActiveCfg = Release|Any CPU
		{FF2ECE8F-73B3-49F0-82E6-BC15C45E33A6}.Release|x64.Build.0 = Release|Any CPU
		{FF2ECE8F-73B3-49F0-82E6-BC15C45E33A6}.Release|x86.ActiveCfg = Release|Any CPU
		{FF2ECE8F-73B3-49F0-82E6-BC15C45E33A6}.Release|x86.Build.0 = Release|Any CPU
		{D3814C44-B1F3-4F68-A5C3-17609DEA7B9D}.Debug|Any CPU.ActiveCfg = Debug|Any CPU
		{D3814C44-B1F3-4F68-A5C3-17609DEA7B9D}.Debug|Any CPU.Build.0 = Debug|Any CPU
		{D3814C44-B1F3-4F68-A5C3-17609DEA7B9D}.Debug|ARM.ActiveCfg = Debug|Any CPU
		{D3814C44-B1F3-4F68-A5C3-17609DEA7B9D}.Debug|ARM.Build.0 = Debug|Any CPU
		{D3814C44-B1F3-4F68-A5C3-17609DEA7B9D}.Debug|ARM64.ActiveCfg = Debug|Any CPU
		{D3814C44-B1F3-4F68-A5C3-17609DEA7B9D}.Debug|ARM64.Build.0 = Debug|Any CPU
		{D3814C44-B1F3-4F68-A5C3-17609DEA7B9D}.Debug|x64.ActiveCfg = Debug|Any CPU
		{D3814C44-B1F3-4F68-A5C3-17609DEA7B9D}.Debug|x64.Build.0 = Debug|Any CPU
		{D3814C44-B1F3-4F68-A5C3-17609DEA7B9D}.Debug|x86.ActiveCfg = Debug|Any CPU
		{D3814C44-B1F3-4F68-A5C3-17609DEA7B9D}.Debug|x86.Build.0 = Debug|Any CPU
		{D3814C44-B1F3-4F68-A5C3-17609DEA7B9D}.Release|Any CPU.ActiveCfg = Release|Any CPU
		{D3814C44-B1F3-4F68-A5C3-17609DEA7B9D}.Release|Any CPU.Build.0 = Release|Any CPU
		{D3814C44-B1F3-4F68-A5C3-17609DEA7B9D}.Release|ARM.ActiveCfg = Release|Any CPU
		{D3814C44-B1F3-4F68-A5C3-17609DEA7B9D}.Release|ARM.Build.0 = Release|Any CPU
		{D3814C44-B1F3-4F68-A5C3-17609DEA7B9D}.Release|ARM64.ActiveCfg = Release|Any CPU
		{D3814C44-B1F3-4F68-A5C3-17609DEA7B9D}.Release|ARM64.Build.0 = Release|Any CPU
		{D3814C44-B1F3-4F68-A5C3-17609DEA7B9D}.Release|x64.ActiveCfg = Release|Any CPU
		{D3814C44-B1F3-4F68-A5C3-17609DEA7B9D}.Release|x64.Build.0 = Release|Any CPU
		{D3814C44-B1F3-4F68-A5C3-17609DEA7B9D}.Release|x86.ActiveCfg = Release|Any CPU
		{D3814C44-B1F3-4F68-A5C3-17609DEA7B9D}.Release|x86.Build.0 = Release|Any CPU
		{7F0B6D09-307D-4B30-9FD9-94231D1ACB89}.Debug|Any CPU.ActiveCfg = Debug|Any CPU
		{7F0B6D09-307D-4B30-9FD9-94231D1ACB89}.Debug|Any CPU.Build.0 = Debug|Any CPU
		{7F0B6D09-307D-4B30-9FD9-94231D1ACB89}.Debug|ARM.ActiveCfg = Debug|Any CPU
		{7F0B6D09-307D-4B30-9FD9-94231D1ACB89}.Debug|ARM.Build.0 = Debug|Any CPU
		{7F0B6D09-307D-4B30-9FD9-94231D1ACB89}.Debug|ARM64.ActiveCfg = Debug|Any CPU
		{7F0B6D09-307D-4B30-9FD9-94231D1ACB89}.Debug|ARM64.Build.0 = Debug|Any CPU
		{7F0B6D09-307D-4B30-9FD9-94231D1ACB89}.Debug|x64.ActiveCfg = Debug|Any CPU
		{7F0B6D09-307D-4B30-9FD9-94231D1ACB89}.Debug|x64.Build.0 = Debug|Any CPU
		{7F0B6D09-307D-4B30-9FD9-94231D1ACB89}.Debug|x86.ActiveCfg = Debug|Any CPU
		{7F0B6D09-307D-4B30-9FD9-94231D1ACB89}.Debug|x86.Build.0 = Debug|Any CPU
		{7F0B6D09-307D-4B30-9FD9-94231D1ACB89}.Release|Any CPU.ActiveCfg = Release|Any CPU
		{7F0B6D09-307D-4B30-9FD9-94231D1ACB89}.Release|Any CPU.Build.0 = Release|Any CPU
		{7F0B6D09-307D-4B30-9FD9-94231D1ACB89}.Release|ARM.ActiveCfg = Release|Any CPU
		{7F0B6D09-307D-4B30-9FD9-94231D1ACB89}.Release|ARM.Build.0 = Release|Any CPU
		{7F0B6D09-307D-4B30-9FD9-94231D1ACB89}.Release|ARM64.ActiveCfg = Release|Any CPU
		{7F0B6D09-307D-4B30-9FD9-94231D1ACB89}.Release|ARM64.Build.0 = Release|Any CPU
		{7F0B6D09-307D-4B30-9FD9-94231D1ACB89}.Release|x64.ActiveCfg = Release|Any CPU
		{7F0B6D09-307D-4B30-9FD9-94231D1ACB89}.Release|x64.Build.0 = Release|Any CPU
		{7F0B6D09-307D-4B30-9FD9-94231D1ACB89}.Release|x86.ActiveCfg = Release|Any CPU
		{7F0B6D09-307D-4B30-9FD9-94231D1ACB89}.Release|x86.Build.0 = Release|Any CPU
		{7F874629-1F65-47BC-94CC-E7CC8EE8AFB8}.Debug|Any CPU.ActiveCfg = Debug|Any CPU
		{7F874629-1F65-47BC-94CC-E7CC8EE8AFB8}.Debug|Any CPU.Build.0 = Debug|Any CPU
		{7F874629-1F65-47BC-94CC-E7CC8EE8AFB8}.Debug|ARM.ActiveCfg = Debug|Any CPU
		{7F874629-1F65-47BC-94CC-E7CC8EE8AFB8}.Debug|ARM.Build.0 = Debug|Any CPU
		{7F874629-1F65-47BC-94CC-E7CC8EE8AFB8}.Debug|ARM64.ActiveCfg = Debug|Any CPU
		{7F874629-1F65-47BC-94CC-E7CC8EE8AFB8}.Debug|ARM64.Build.0 = Debug|Any CPU
		{7F874629-1F65-47BC-94CC-E7CC8EE8AFB8}.Debug|x64.ActiveCfg = Debug|Any CPU
		{7F874629-1F65-47BC-94CC-E7CC8EE8AFB8}.Debug|x64.Build.0 = Debug|Any CPU
		{7F874629-1F65-47BC-94CC-E7CC8EE8AFB8}.Debug|x86.ActiveCfg = Debug|Any CPU
		{7F874629-1F65-47BC-94CC-E7CC8EE8AFB8}.Debug|x86.Build.0 = Debug|Any CPU
		{7F874629-1F65-47BC-94CC-E7CC8EE8AFB8}.Release|Any CPU.ActiveCfg = Release|Any CPU
		{7F874629-1F65-47BC-94CC-E7CC8EE8AFB8}.Release|Any CPU.Build.0 = Release|Any CPU
		{7F874629-1F65-47BC-94CC-E7CC8EE8AFB8}.Release|ARM.ActiveCfg = Release|Any CPU
		{7F874629-1F65-47BC-94CC-E7CC8EE8AFB8}.Release|ARM.Build.0 = Release|Any CPU
		{7F874629-1F65-47BC-94CC-E7CC8EE8AFB8}.Release|ARM64.ActiveCfg = Release|Any CPU
		{7F874629-1F65-47BC-94CC-E7CC8EE8AFB8}.Release|ARM64.Build.0 = Release|Any CPU
		{7F874629-1F65-47BC-94CC-E7CC8EE8AFB8}.Release|x64.ActiveCfg = Release|Any CPU
		{7F874629-1F65-47BC-94CC-E7CC8EE8AFB8}.Release|x64.Build.0 = Release|Any CPU
		{7F874629-1F65-47BC-94CC-E7CC8EE8AFB8}.Release|x86.ActiveCfg = Release|Any CPU
		{7F874629-1F65-47BC-94CC-E7CC8EE8AFB8}.Release|x86.Build.0 = Release|Any CPU
		{DF765A5A-9A0E-4423-B3F9-6150A2FF0C24}.Debug|Any CPU.ActiveCfg = Debug|Any CPU
		{DF765A5A-9A0E-4423-B3F9-6150A2FF0C24}.Debug|Any CPU.Build.0 = Debug|Any CPU
		{DF765A5A-9A0E-4423-B3F9-6150A2FF0C24}.Debug|ARM.ActiveCfg = Debug|Any CPU
		{DF765A5A-9A0E-4423-B3F9-6150A2FF0C24}.Debug|ARM.Build.0 = Debug|Any CPU
		{DF765A5A-9A0E-4423-B3F9-6150A2FF0C24}.Debug|ARM64.ActiveCfg = Debug|Any CPU
		{DF765A5A-9A0E-4423-B3F9-6150A2FF0C24}.Debug|ARM64.Build.0 = Debug|Any CPU
		{DF765A5A-9A0E-4423-B3F9-6150A2FF0C24}.Debug|x64.ActiveCfg = Debug|Any CPU
		{DF765A5A-9A0E-4423-B3F9-6150A2FF0C24}.Debug|x64.Build.0 = Debug|Any CPU
		{DF765A5A-9A0E-4423-B3F9-6150A2FF0C24}.Debug|x86.ActiveCfg = Debug|Any CPU
		{DF765A5A-9A0E-4423-B3F9-6150A2FF0C24}.Debug|x86.Build.0 = Debug|Any CPU
		{DF765A5A-9A0E-4423-B3F9-6150A2FF0C24}.Release|Any CPU.ActiveCfg = Release|Any CPU
		{DF765A5A-9A0E-4423-B3F9-6150A2FF0C24}.Release|Any CPU.Build.0 = Release|Any CPU
		{DF765A5A-9A0E-4423-B3F9-6150A2FF0C24}.Release|ARM.ActiveCfg = Release|Any CPU
		{DF765A5A-9A0E-4423-B3F9-6150A2FF0C24}.Release|ARM.Build.0 = Release|Any CPU
		{DF765A5A-9A0E-4423-B3F9-6150A2FF0C24}.Release|ARM64.ActiveCfg = Release|Any CPU
		{DF765A5A-9A0E-4423-B3F9-6150A2FF0C24}.Release|ARM64.Build.0 = Release|Any CPU
		{DF765A5A-9A0E-4423-B3F9-6150A2FF0C24}.Release|x64.ActiveCfg = Release|Any CPU
		{DF765A5A-9A0E-4423-B3F9-6150A2FF0C24}.Release|x64.Build.0 = Release|Any CPU
		{DF765A5A-9A0E-4423-B3F9-6150A2FF0C24}.Release|x86.ActiveCfg = Release|Any CPU
		{DF765A5A-9A0E-4423-B3F9-6150A2FF0C24}.Release|x86.Build.0 = Release|Any CPU
		{23D1F4BC-F1A4-42F8-A4BC-4C30B6880A3C}.Debug|Any CPU.ActiveCfg = Debug|Any CPU
		{23D1F4BC-F1A4-42F8-A4BC-4C30B6880A3C}.Debug|Any CPU.Build.0 = Debug|Any CPU
		{23D1F4BC-F1A4-42F8-A4BC-4C30B6880A3C}.Debug|ARM.ActiveCfg = Debug|Any CPU
		{23D1F4BC-F1A4-42F8-A4BC-4C30B6880A3C}.Debug|ARM.Build.0 = Debug|Any CPU
		{23D1F4BC-F1A4-42F8-A4BC-4C30B6880A3C}.Debug|ARM64.ActiveCfg = Debug|Any CPU
		{23D1F4BC-F1A4-42F8-A4BC-4C30B6880A3C}.Debug|ARM64.Build.0 = Debug|Any CPU
		{23D1F4BC-F1A4-42F8-A4BC-4C30B6880A3C}.Debug|x64.ActiveCfg = Debug|Any CPU
		{23D1F4BC-F1A4-42F8-A4BC-4C30B6880A3C}.Debug|x64.Build.0 = Debug|Any CPU
		{23D1F4BC-F1A4-42F8-A4BC-4C30B6880A3C}.Debug|x86.ActiveCfg = Debug|Any CPU
		{23D1F4BC-F1A4-42F8-A4BC-4C30B6880A3C}.Debug|x86.Build.0 = Debug|Any CPU
		{23D1F4BC-F1A4-42F8-A4BC-4C30B6880A3C}.Release|Any CPU.ActiveCfg = Release|Any CPU
		{23D1F4BC-F1A4-42F8-A4BC-4C30B6880A3C}.Release|Any CPU.Build.0 = Release|Any CPU
		{23D1F4BC-F1A4-42F8-A4BC-4C30B6880A3C}.Release|ARM.ActiveCfg = Release|Any CPU
		{23D1F4BC-F1A4-42F8-A4BC-4C30B6880A3C}.Release|ARM.Build.0 = Release|Any CPU
		{23D1F4BC-F1A4-42F8-A4BC-4C30B6880A3C}.Release|ARM64.ActiveCfg = Release|Any CPU
		{23D1F4BC-F1A4-42F8-A4BC-4C30B6880A3C}.Release|ARM64.Build.0 = Release|Any CPU
		{23D1F4BC-F1A4-42F8-A4BC-4C30B6880A3C}.Release|x64.ActiveCfg = Release|Any CPU
		{23D1F4BC-F1A4-42F8-A4BC-4C30B6880A3C}.Release|x64.Build.0 = Release|Any CPU
		{23D1F4BC-F1A4-42F8-A4BC-4C30B6880A3C}.Release|x86.ActiveCfg = Release|Any CPU
		{23D1F4BC-F1A4-42F8-A4BC-4C30B6880A3C}.Release|x86.Build.0 = Release|Any CPU
	EndGlobalSection
	GlobalSection(SolutionProperties) = preSolution
		HideSolutionNode = FALSE
	EndGlobalSection
	GlobalSection(ExtensibilityGlobals) = postSolution
		SolutionGuid = {90BE64ED-1514-40B0-A4CB-BA2C07AB3406}
	EndGlobalSection
EndGlobal
