
Microsoft Visual Studio Solution File, Format Version 12.00
# Visual Studio Version 16
VisualStudioVersion = 16.0.33423.256
MinimumVisualStudioVersion = 10.0.40219.1
Project("{FAE04EC0-301F-11D3-BF4B-00C04F79EFBC}") = "SFLib", "SFLib.csproj", "{7F0B6D09-307D-4B30-9FD9-94231D1ACB89}"
EndProject
Global
	GlobalSection(SolutionConfigurationPlatforms) = preSolution
		Debug|Any CPU = Debug|Any CPU
		Release|Any CPU = Release|Any CPU
	EndGlobalSection
	GlobalSection(ProjectConfigurationPlatforms) = postSolution
		{7F0B6D09-307D-4B30-9FD9-94231D1ACB89}.Debug|Any CPU.ActiveCfg = Debug|Any CPU
		{7F0B6D09-307D-4B30-9FD9-94231D1ACB89}.Debug|Any CPU.Build.0 = Debug|Any CPU
		{7F0B6D09-307D-4B30-9FD9-94231D1ACB89}.Release|Any CPU.ActiveCfg = Release|Any CPU
		{7F0B6D09-307D-4B30-9FD9-94231D1ACB89}.Release|Any CPU.Build.0 = Release|Any CPU
	EndGlobalSection
	GlobalSection(SolutionProperties) = preSolution
		HideSolutionNode = FALSE
	EndGlobalSection
	GlobalSection(ExtensibilityGlobals) = postSolution
		SolutionGuid = {47804DED-A61C-4787-8E64-84525B0A256E}
	EndGlobalSection
EndGlobal
